
Microsoft Visual Studio Solution File, Format Version 12.00
# Visual Studio Version 16
VisualStudioVersion = 16.0.29519.181
MinimumVisualStudioVersion = 10.0.40219.1
Project("{2150E333-8FDC-42A3-9474-1A3956D46DE8}") = ".paket", ".paket", "{8AC74A31-8FFD-4F1D-AE21-0559D17C5981}"
	ProjectSection(SolutionItems) = preProject
		..\paket.dependencies = ..\paket.dependencies
	EndProjectSection
EndProject
Project("{FAE04EC0-301F-11D3-BF4B-00C04F79EFBC}") = "Gaspra.Signing", "Gaspra.Signing\Gaspra.Signing.csproj", "{589749B2-67B5-46F7-8E67-7D658D393961}"
EndProject
Global
	GlobalSection(SolutionConfigurationPlatforms) = preSolution
		Debug|Any CPU = Debug|Any CPU
		Release|Any CPU = Release|Any CPU
	EndGlobalSection
	GlobalSection(ProjectConfigurationPlatforms) = postSolution
		{589749B2-67B5-46F7-8E67-7D658D393961}.Debug|Any CPU.ActiveCfg = Debug|Any CPU
		{589749B2-67B5-46F7-8E67-7D658D393961}.Debug|Any CPU.Build.0 = Debug|Any CPU
		{589749B2-67B5-46F7-8E67-7D658D393961}.Release|Any CPU.ActiveCfg = Release|Any CPU
		{589749B2-67B5-46F7-8E67-7D658D393961}.Release|Any CPU.Build.0 = Release|Any CPU
	EndGlobalSection
	GlobalSection(SolutionProperties) = preSolution
		HideSolutionNode = FALSE
	EndGlobalSection
	GlobalSection(ExtensibilityGlobals) = postSolution
		SolutionGuid = {B6502131-EF97-476B-A5BE-1475435F3659}
	EndGlobalSection
EndGlobal
